// !$*UTF8*$!
{
	archiveVersion = 1;
	classes = {
	};
	objectVersion = 77;
	objects = {

/* Begin PBXContainerItemProxy section */
		F77E5B092E22102900D1DAFD /* PBXContainerItemProxy */ = {
			isa = PBXContainerItemProxy;
			containerPortal = F77E5AF02E22102700D1DAFD /* Project object */;
			proxyType = 1;
			remoteGlobalIDString = F77E5AF72E22102700D1DAFD;
			remoteInfo = "CAR ASSISTANT LOC";
		};
		F77E5B132E22102900D1DAFD /* PBXContainerItemProxy */ = {
			isa = PBXContainerItemProxy;
			containerPortal = F77E5AF02E22102700D1DAFD /* Project object */;
			proxyType = 1;
			remoteGlobalIDString = F77E5AF72E22102700D1DAFD;
			remoteInfo = "CAR ASSISTANT LOC";
		};
/* End PBXContainerItemProxy section */

/* Begin PBXFileReference section */
		F77E5AF82E22102700D1DAFD /* CAR ASSISTANT LOC.app */ = {isa = PBXFileReference; explicitFileType = wrapper.application; includeInIndex = 0; path = "CAR ASSISTANT LOC.app"; sourceTree = BUILT_PRODUCTS_DIR; };
		F77E5B082E22102900D1DAFD /* CAR ASSISTANT LOCTests.xctest */ = {isa = PBXFileReference; explicitFileType = wrapper.cfbundle; includeInIndex = 0; path = "CAR ASSISTANT LOCTests.xctest"; sourceTree = BUILT_PRODUCTS_DIR; };
		F77E5B122E22102900D1DAFD /* CAR ASSISTANT LOCUITests.xctest */ = {isa = PBXFileReference; explicitFileType = wrapper.cfbundle; includeInIndex = 0; path = "CAR ASSISTANT LOCUITests.xctest"; sourceTree = BUILT_PRODUCTS_DIR; };
/* End PBXFileReference section */

/* Begin PBXFileSystemSynchronizedRootGroup section */
		F77E5AFA2E22102700D1DAFD /* CAR ASSISTANT LOC */ = {
			isa = PBXFileSystemSynchronizedRootGroup;
			path = "CAR ASSISTANT LOC";
			sourceTree = "<group>";
		};
		F77E5B0B2E22102900D1DAFD /* CAR ASSISTANT LOCTests */ = {
			isa = PBXFileSystemSynchronizedRootGroup;
			path = "CAR ASSISTANT LOCTests";
			sourceTree = "<group>";
		};
		F77E5B152E22102900D1DAFD /* CAR ASSISTANT LOCUITests */ = {
			isa = PBXFileSystemSynchronizedRootGroup;
			path = "CAR ASSISTANT LOCUITests";
			sourceTree = "<group>";
		};
/* End PBXFileSystemSynchronizedRootGroup section */

/* Begin PBXFrameworksBuildPhase section */
		F77E5AF52E22102700D1DAFD /* Frameworks */ = {
			isa = PBXFrameworksBuildPhase;
			buildActionMask = 2147483647;
			files = (
			);
			runOnlyForDeploymentPostprocessing = 0;
		};
		F77E5B052E22102900D1DAFD /* Frameworks */ = {
			isa = PBXFrameworksBuildPhase;
			buildActionMask = 2147483647;
			files = (
			);
			runOnlyForDeploymentPostprocessing = 0;
		};
		F77E5B0F2E22102900D1DAFD /* Frameworks */ = {
			isa = PBXFrameworksBuildPhase;
			buildActionMask = 2147483647;
			files = (
			);
			runOnlyForDeploymentPostprocessing = 0;
		};
/* End PBXFrameworksBuildPhase section */

/* Begin PBXGroup section */
		F77E5AEF2E22102700D1DAFD = {
			isa = PBXGroup;
			children = (
				F77E5AFA2E22102700D1DAFD /* CAR ASSISTANT LOC */,
				F77E5B0B2E22102900D1DAFD /* CAR ASSISTANT LOCTests */,
				F77E5B152E22102900D1DAFD /* CAR ASSISTANT LOCUITests */,
				F77E5AF92E22102700D1DAFD /* Products */,
			);
			sourceTree = "<group>";
		};
		F77E5AF92E22102700D1DAFD /* Products */ = {
			isa = PBXGroup;
			children = (
				F77E5AF82E22102700D1DAFD /* CAR ASSISTANT LOC.app */,
				F77E5B082E22102900D1DAFD /* CAR ASSISTANT LOCTests.xctest */,
				F77E5B122E22102900D1DAFD /* CAR ASSISTANT LOCUITests.xctest */,
			);
			name = Products;
			sourceTree = "<group>";
		};
/* End PBXGroup section */

/* Begin PBXNativeTarget section */
		F77E5AF72E22102700D1DAFD /* CAR ASSISTANT LOC */ = {
			isa = PBXNativeTarget;
			buildConfigurationList = F77E5B1C2E22102900D1DAFD /* Build configuration list for PBXNativeTarget "CAR ASSISTANT LOC" */;
			buildPhases = (
				F77E5AF42E22102700D1DAFD /* Sources */,
				F77E5AF52E22102700D1DAFD /* Frameworks */,
				F77E5AF62E22102700D1DAFD /* Resources */,
			);
			buildRules = (
			);
			dependencies = (
			);
			fileSystemSynchronizedGroups = (
				F77E5AFA2E22102700D1DAFD /* CAR ASSISTANT LOC */,
			);
			name = "CAR ASSISTANT LOC";
			packageProductDependencies = (
			);
			productName = "CAR ASSISTANT LOC";
			productReference = F77E5AF82E22102700D1DAFD /* CAR ASSISTANT LOC.app */;
			productType = "com.apple.product-type.application";
		};
		F77E5B072E22102900D1DAFD /* CAR ASSISTANT LOCTests */ = {
			isa = PBXNativeTarget;
			buildConfigurationList = F77E5B1F2E22102900D1DAFD /* Build configuration list for PBXNativeTarget "CAR ASSISTANT LOCTests" */;
			buildPhases = (
				F77E5B042E22102900D1DAFD /* Sources */,
				F77E5B052E22102900D1DAFD /* Frameworks */,
				F77E5B062E22102900D1DAFD /* Resources */,
			);
			buildRules = (
			);
			dependencies = (
				F77E5B0A2E22102900D1DAFD /* PBXTargetDependency */,
			);
			fileSystemSynchronizedGroups = (
				F77E5B0B2E22102900D1DAFD /* CAR ASSISTANT LOCTests */,
			);
			name = "CAR ASSISTANT LOCTests";
			packageProductDependencies = (
			);
			productName = "CAR ASSISTANT LOCTests";
			productReference = F77E5B082E22102900D1DAFD /* CAR ASSISTANT LOCTests.xctest */;
			productType = "com.apple.product-type.bundle.unit-test";
		};
		F77E5B112E22102900D1DAFD /* CAR ASSISTANT LOCUITests */ = {
			isa = PBXNativeTarget;
			buildConfigurationList = F77E5B222E22102900D1DAFD /* Build configuration list for PBXNativeTarget "CAR ASSISTANT LOCUITests" */;
			buildPhases = (
				F77E5B0E2E22102900D1DAFD /* Sources */,
				F77E5B0F2E22102900D1DAFD /* Frameworks */,
				F77E5B102E22102900D1DAFD /* Resources */,
			);
			buildRules = (
			);
			dependencies = (
				F77E5B142E22102900D1DAFD /* PBXTargetDependency */,
			);
			fileSystemSynchronizedGroups = (
				F77E5B152E22102900D1DAFD /* CAR ASSISTANT LOCUITests */,
			);
			name = "CAR ASSISTANT LOCUITests";
			packageProductDependencies = (
			);
			productName = "CAR ASSISTANT LOCUITests";
			productReference = F77E5B122E22102900D1DAFD /* CAR ASSISTANT LOCUITests.xctest */;
			productType = "com.apple.product-type.bundle.ui-testing";
		};
/* End PBXNativeTarget section */

/* Begin PBXProject section */
		F77E5AF02E22102700D1DAFD /* Project object */ = {
			isa = PBXProject;
			attributes = {
				BuildIndependentTargetsInParallel = 1;
				LastSwiftUpdateCheck = 1620;
				LastUpgradeCheck = 1620;
				TargetAttributes = {
					F77E5AF72E22102700D1DAFD = {
						CreatedOnToolsVersion = 16.2;
					};
					F77E5B072E22102900D1DAFD = {
						CreatedOnToolsVersion = 16.2;
						TestTargetID = F77E5AF72E22102700D1DAFD;
					};
					F77E5B112E22102900D1DAFD = {
						CreatedOnToolsVersion = 16.2;
						TestTargetID = F77E5AF72E22102700D1DAFD;
					};
				};
			};
			buildConfigurationList = F77E5AF32E22102700D1DAFD /* Build configuration list for PBXProject "CAR ASSISTANT LOC" */;
			developmentRegion = en;
			hasScannedForEncodings = 0;
			knownRegions = (
				en,
				Base,
			);
			mainGroup = F77E5AEF2E22102700D1DAFD;
			minimizedProjectReferenceProxies = 1;
			preferredProjectObjectVersion = 77;
			productRefGroup = F77E5AF92E22102700D1DAFD /* Products */;
			projectDirPath = "";
			projectRoot = "";
			targets = (
				F77E5AF72E22102700D1DAFD /* CAR ASSISTANT LOC */,
				F77E5B072E22102900D1DAFD /* CAR ASSISTANT LOCTests */,
				F77E5B112E22102900D1DAFD /* CAR ASSISTANT LOCUITests */,
			);
		};
/* End PBXProject section */

/* Begin PBXResourcesBuildPhase section */
		F77E5AF62E22102700D1DAFD /* Resources */ = {
			isa = PBXResourcesBuildPhase;
			buildActionMask = 2147483647;
			files = (
			);
			runOnlyForDeploymentPostprocessing = 0;
		};
		F77E5B062E22102900D1DAFD /* Resources */ = {
			isa = PBXResourcesBuildPhase;
			buildActionMask = 2147483647;
			files = (
			);
			runOnlyForDeploymentPostprocessing = 0;
		};
		F77E5B102E22102900D1DAFD /* Resources */ = {
			isa = PBXResourcesBuildPhase;
			buildActionMask = 2147483647;
			files = (
			);
			runOnlyForDeploymentPostprocessing = 0;
		};
/* End PBXResourcesBuildPhase section */

/* Begin PBXSourcesBuildPhase section */
		F77E5AF42E22102700D1DAFD /* Sources */ = {
			isa = PBXSourcesBuildPhase;
			buildActionMask = 2147483647;
			files = (
			);
			runOnlyForDeploymentPostprocessing = 0;
		};
		F77E5B042E22102900D1DAFD /* Sources */ = {
			isa = PBXSourcesBuildPhase;
			buildActionMask = 2147483647;
			files = (
			);
			runOnlyForDeploymentPostprocessing = 0;
		};
		F77E5B0E2E22102900D1DAFD /* Sources */ = {
			isa = PBXSourcesBuildPhase;
			buildActionMask = 2147483647;
			files = (
			);
			runOnlyForDeploymentPostprocessing = 0;
		};
/* End PBXSourcesBuildPhase section */

/* Begin PBXTargetDependency section */
		F77E5B0A2E22102900D1DAFD /* PBXTargetDependency */ = {
			isa = PBXTargetDependency;
			target = F77E5AF72E22102700D1DAFD /* CAR ASSISTANT LOC */;
			targetProxy = F77E5B092E22102900D1DAFD /* PBXContainerItemProxy */;
		};
		F77E5B142E22102900D1DAFD /* PBXTargetDependency */ = {
			isa = PBXTargetDependency;
			target = F77E5AF72E22102700D1DAFD /* CAR ASSISTANT LOC */;
			targetProxy = F77E5B132E22102900D1DAFD /* PBXContainerItemProxy */;
		};
/* End PBXTargetDependency section */

/* Begin XCBuildConfiguration section */
		F77E5B1A2E22102900D1DAFD /* Debug */ = {
			isa = XCBuildConfiguration;
			buildSettings = {
				ALWAYS_SEARCH_USER_PATHS = NO;
				ASSETCATALOG_COMPILER_GENERATE_SWIFT_ASSET_SYMBOL_EXTENSIONS = YES;
				CLANG_ANALYZER_NONNULL = YES;
				CLANG_ANALYZER_NUMBER_OBJECT_CONVERSION = YES_AGGRESSIVE;
				CLANG_CXX_LANGUAGE_STANDARD = "gnu++20";
				CLANG_ENABLE_MODULES = YES;
				CLANG_ENABLE_OBJC_ARC = YES;
				CLANG_ENABLE_OBJC_WEAK = YES;
				CLANG_WARN_BLOCK_CAPTURE_AUTORELEASING = YES;
				CLANG_WARN_BOOL_CONVERSION = YES;
				CLANG_WARN_COMMA = YES;
				CLANG_WARN_CONSTANT_CONVERSION = YES;
				CLANG_WARN_DEPRECATED_OBJC_IMPLEMENTATIONS = YES;
				CLANG_WARN_DIRECT_OBJC_ISA_USAGE = YES_ERROR;
				CLANG_WARN_DOCUMENTATION_COMMENTS = YES;
				CLANG_WARN_EMPTY_BODY = YES;
				CLANG_WARN_ENUM_CONVERSION = YES;
				CLANG_WARN_INFINITE_RECURSION = YES;
				CLANG_WARN_INT_CONVERSION = YES;
				CLANG_WARN_NON_LITERAL_NULL_CONVERSION = YES;
				CLANG_WARN_OBJC_IMPLICIT_RETAIN_SELF = YES;
				CLANG_WARN_OBJC_LITERAL_CONVERSION = YES;
				CLANG_WARN_OBJC_ROOT_CLASS = YES_ERROR;
				CLANG_WARN_QUOTED_INCLUDE_IN_FRAMEWORK_HEADER = YES;
				CLANG_WARN_RANGE_LOOP_ANALYSIS = YES;
				CLANG_WARN_STRICT_PROTOTYPES = YES;
				CLANG_WARN_SUSPICIOUS_MOVE = YES;
				CLANG_WARN_UNGUARDED_AVAILABILITY = YES_AGGRESSIVE;
				CLANG_WARN_UNREACHABLE_CODE = YES;
				CLANG_WARN__DUPLICATE_METHOD_MATCH = YES;
				COPY_PHASE_STRIP = NO;
				DEBUG_INFORMATION_FORMAT = dwarf;
				ENABLE_STRICT_OBJC_MSGSEND = YES;
				ENABLE_TESTABILITY = YES;
				ENABLE_USER_SCRIPT_SANDBOXING = YES;
				GCC_C_LANGUAGE_STANDARD = gnu17;
				GCC_DYNAMIC_NO_PIC = NO;
				GCC_NO_COMMON_BLOCKS = YES;
				GCC_OPTIMIZATION_LEVEL = 0;
				GCC_PREPROCESSOR_DEFINITIONS = (
					"DEBUG=1",
					"$(inherited)",
				);
				GCC_WARN_64_TO_32_BIT_CONVERSION = YES;
				GCC_WARN_ABOUT_RETURN_TYPE = YES_ERROR;
				GCC_WARN_UNDECLARED_SELECTOR = YES;
				GCC_WARN_UNINITIALIZED_AUTOS = YES_AGGRESSIVE;
				GCC_WARN_UNUSED_FUNCTION = YES;
				GCC_WARN_UNUSED_VARIABLE = YES;
				IPHONEOS_DEPLOYMENT_TARGET = 18.2;
				LOCALIZATION_PREFERS_STRING_CATALOGS = YES;
				MTL_ENABLE_DEBUG_INFO = INCLUDE_SOURCE;
				MTL_FAST_MATH = YES;
				ONLY_ACTIVE_ARCH = YES;
				SDKROOT = iphoneos;
				SWIFT_ACTIVE_COMPILATION_CONDITIONS = "DEBUG $(inherited)";
				SWIFT_OPTIMIZATION_LEVEL = "-Onone";
			};
			name = Debug;
		};
		F77E5B1B2E22102900D1DAFD /* Release */ = {
			isa = XCBuildConfiguration;
			buildSettings = {
				ALWAYS_SEARCH_USER_PATHS = NO;
				ASSETCATALOG_COMPILER_GENERATE_SWIFT_ASSET_SYMBOL_EXTENSIONS = YES;
				CLANG_ANALYZER_NONNULL = YES;
				CLANG_ANALYZER_NUMBER_OBJECT_CONVERSION = YES_AGGRESSIVE;
				CLANG_CXX_LANGUAGE_STANDARD = "gnu++20";
				CLANG_ENABLE_MODULES = YES;
				CLANG_ENABLE_OBJC_ARC = YES;
				CLANG_ENABLE_OBJC_WEAK = YES;
				CLANG_WARN_BLOCK_CAPTURE_AUTORELEASING = YES;
				CLANG_WARN_BOOL_CONVERSION = YES;
				CLANG_WARN_COMMA = YES;
				CLANG_WARN_CONSTANT_CONVERSION = YES;
				CLANG_WARN_DEPRECATED_OBJC_IMPLEMENTATIONS = YES;
				CLANG_WARN_DIRECT_OBJC_ISA_USAGE = YES_ERROR;
				CLANG_WARN_DOCUMENTATION_COMMENTS = YES;
				CLANG_WARN_EMPTY_BODY = YES;
				CLANG_WARN_ENUM_CONVERSION = YES;
				CLANG_WARN_INFINITE_RECURSION = YES;
				CLANG_WARN_INT_CONVERSION = YES;
				CLANG_WARN_NON_LITERAL_NULL_CONVERSION = YES;
				CLANG_WARN_OBJC_IMPLICIT_RETAIN_SELF = YES;
				CLANG_WARN_OBJC_LITERAL_CONVERSION = YES;
				CLANG_WARN_OBJC_ROOT_CLASS = YES_ERROR;
				CLANG_WARN_QUOTED_INCLUDE_IN_FRAMEWORK_HEADER = YES;
				CLANG_WARN_RANGE_LOOP_ANALYSIS = YES;
				CLANG_WARN_STRICT_PROTOTYPES = YES;
				CLANG_WARN_SUSPICIOUS_MOVE = YES;
				CLANG_WARN_UNGUARDED_AVAILABILITY = YES_AGGRESSIVE;
				CLANG_WARN_UNREACHABLE_CODE = YES;
				CLANG_WARN__DUPLICATE_METHOD_MATCH = YES;
				COPY_PHASE_STRIP = NO;
				DEBUG_INFORMATION_FORMAT = "dwarf-with-dsym";
				ENABLE_NS_ASSERTIONS = NO;
				ENABLE_STRICT_OBJC_MSGSEND = YES;
				ENABLE_USER_SCRIPT_SANDBOXING = YES;
				GCC_C_LANGUAGE_STANDARD = gnu17;
				GCC_NO_COMMON_BLOCKS = YES;
				GCC_WARN_64_TO_32_BIT_CONVERSION = YES;
				GCC_WARN_ABOUT_RETURN_TYPE = YES_ERROR;
				GCC_WARN_UNDECLARED_SELECTOR = YES;
				GCC_WARN_UNINITIALIZED_AUTOS = YES_AGGRESSIVE;
				GCC_WARN_UNUSED_FUNCTION = YES;
				GCC_WARN_UNUSED_VARIABLE = YES;
				IPHONEOS_DEPLOYMENT_TARGET = 18.2;
				LOCALIZATION_PREFERS_STRING_CATALOGS = YES;
				MTL_ENABLE_DEBUG_INFO = NO;
				MTL_FAST_MATH = YES;
				SDKROOT = iphoneos;
				SWIFT_COMPILATION_MODE = wholemodule;
				VALIDATE_PRODUCT = YES;
			};
			name = Release;
		};
		F77E5B1D2E22102900D1DAFD /* Debug */ = {
			isa = XCBuildConfiguration;
			buildSettings = {
				ASSETCATALOG_COMPILER_APPICON_NAME = AppIcon;
				ASSETCATALOG_COMPILER_GLOBAL_ACCENT_COLOR_NAME = AccentColor;
				CODE_SIGN_STYLE = Automatic;
				CURRENT_PROJECT_VERSION = 1;
				DEVELOPMENT_ASSET_PATHS = "\"CAR ASSISTANT LOC/Preview Content\"";
				DEVELOPMENT_TEAM = W3L9A59V3X;
				ENABLE_PREVIEWS = YES;
				GENERATE_INFOPLIST_FILE = YES;
				INFOPLIST_KEY_UIApplicationSceneManifest_Generation = YES;
				INFOPLIST_KEY_UIApplicationSupportsIndirectInputEvents = YES;
				INFOPLIST_KEY_UILaunchScreen_Generation = YES;
				INFOPLIST_KEY_UISupportedInterfaceOrientations_iPad = "UIInterfaceOrientationPortrait UIInterfaceOrientationPortraitUpsideDown UIInterfaceOrientationLandscapeLeft UIInterfaceOrientationLandscapeRight";
				INFOPLIST_KEY_UISupportedInterfaceOrientations_iPhone = "UIInterfaceOrientationPortrait UIInterfaceOrientationLandscapeLeft UIInterfaceOrientationLandscapeRight";
				LD_RUNPATH_SEARCH_PATHS = (
					"$(inherited)",
					"@executable_path/Frameworks",
				);
				MARKETING_VERSION = 1.0;
				PRODUCT_BUNDLE_IDENTIFIER = "k.omsengineering.CAR-ASSISTANT-LOC";
				PRODUCT_NAME = "$(TARGET_NAME)";
				SWIFT_EMIT_LOC_STRINGS = YES;
				SWIFT_VERSION = 5.0;
				TARGETED_DEVICE_FAMILY = "1,2";
			};
			name = Debug;
		};
		F77E5B1E2E22102900D1DAFD /* Release */ = {
			isa = XCBuildConfiguration;
			buildSettings = {
				ASSETCATALOG_COMPILER_APPICON_NAME = AppIcon;
				ASSETCATALOG_COMPILER_GLOBAL_ACCENT_COLOR_NAME = AccentColor;
				CODE_SIGN_STYLE = Automatic;
				CURRENT_PROJECT_VERSION = 1;
				DEVELOPMENT_ASSET_PATHS = "\"CAR ASSISTANT LOC/Preview Content\"";
				DEVELOPMENT_TEAM = W3L9A59V3X;
				ENABLE_PREVIEWS = YES;
				GENERATE_INFOPLIST_FILE = YES;
				INFOPLIST_KEY_UIApplicationSceneManifest_Generation = YES;
				INFOPLIST_KEY_UIApplicationSupportsIndirectInputEvents = YES;
				INFOPLIST_KEY_UILaunchScreen_Generation = YES;
				INFOPLIST_KEY_UISupportedInterfaceOrientations_iPad = "UIInterfaceOrientationPortrait UIInterfaceOrientationPortraitUpsideDown UIInterfaceOrientationLandscapeLeft UIInterfaceOrientationLandscapeRight";
				INFOPLIST_KEY_UISupportedInterfaceOrientations_iPhone = "UIInterfaceOrientationPortrait UIInterfaceOrientationLandscapeLeft UIInterfaceOrientationLandscapeRight";
				LD_RUNPATH_SEARCH_PATHS = (
					"$(inherited)",
					"@executable_path/Frameworks",
				);
				MARKETING_VERSION = 1.0;
				PRODUCT_BUNDLE_IDENTIFIER = "k.omsengineering.CAR-ASSISTANT-LOC";
				PRODUCT_NAME = "$(TARGET_NAME)";
				SWIFT_EMIT_LOC_STRINGS = YES;
				SWIFT_VERSION = 5.0;
				TARGETED_DEVICE_FAMILY = "1,2";
			};
			name = Release;
		};
		F77E5B202E22102900D1DAFD /* Debug */ = {
			isa = XCBuildConfiguration;
			buildSettings = {
				BUNDLE_LOADER = "$(TEST_HOST)";
				CODE_SIGN_STYLE = Automatic;
				CURRENT_PROJECT_VERSION = 1;
				DEVELOPMENT_TEAM = W3L9A59V3X;
				GENERATE_INFOPLIST_FILE = YES;
				IPHONEOS_DEPLOYMENT_TARGET = 18.2;
				MARKETING_VERSION = 1.0;
				PRODUCT_BUNDLE_IDENTIFIER = "k.omsengineering.CAR-ASSISTANT-LOCTests";
				PRODUCT_NAME = "$(TARGET_NAME)";
				SWIFT_EMIT_LOC_STRINGS = NO;
				SWIFT_VERSION = 5.0;
				TARGETED_DEVICE_FAMILY = "1,2";
				TEST_HOST = "$(BUILT_PRODUCTS_DIR)/CAR ASSISTANT LOC.app/$(BUNDLE_EXECUTABLE_FOLDER_PATH)/CAR ASSISTANT LOC";
			};
			name = Debug;
		};
		F77E5B212E22102900D1DAFD /* Release */ = {
			isa = XCBuildConfiguration;
			buildSettings = {
				BUNDLE_LOADER = "$(TEST_HOST)";
				CODE_SIGN_STYLE = Automatic;
				CURRENT_PROJECT_VERSION = 1;
				DEVELOPMENT_TEAM = W3L9A59V3X;
				GENERATE_INFOPLIST_FILE = YES;
				IPHONEOS_DEPLOYMENT_TARGET = 18.2;
				MARKETING_VERSION = 1.0;
				PRODUCT_BUNDLE_IDENTIFIER = "k.omsengineering.CAR-ASSISTANT-LOCTests";
				PRODUCT_NAME = "$(TARGET_NAME)";
				SWIFT_EMIT_LOC_STRINGS = NO;
				SWIFT_VERSION = 5.0;
				TARGETED_DEVICE_FAMILY = "1,2";
				TEST_HOST = "$(BUILT_PRODUCTS_DIR)/CAR ASSISTANT LOC.app/$(BUNDLE_EXECUTABLE_FOLDER_PATH)/CAR ASSISTANT LOC";
			};
			name = Release;
		};
		F77E5B232E22102900D1DAFD /* Debug */ = {
			isa = XCBuildConfiguration;
			buildSettings = {
				CODE_SIGN_STYLE = Automatic;
				CURRENT_PROJECT_VERSION = 1;
				DEVELOPMENT_TEAM = W3L9A59V3X;
				GENERATE_INFOPLIST_FILE = YES;
				MARKETING_VERSION = 1.0;
				PRODUCT_BUNDLE_IDENTIFIER = "k.omsengineering.CAR-ASSISTANT-LOCUITests";
				PRODUCT_NAME = "$(TARGET_NAME)";
				SWIFT_EMIT_LOC_STRINGS = NO;
				SWIFT_VERSION = 5.0;
				TARGETED_DEVICE_FAMILY = "1,2";
				TEST_TARGET_NAME = "CAR ASSISTANT LOC";
			};
			name = Debug;
		};
		F77E5B242E22102900D1DAFD /* Release */ = {
			isa = XCBuildConfiguration;
			buildSettings = {
				CODE_SIGN_STYLE = Automatic;
				CURRENT_PROJECT_VERSION = 1;
				DEVELOPMENT_TEAM = W3L9A59V3X;
				GENERATE_INFOPLIST_FILE = YES;
				MARKETING_VERSION = 1.0;
				PRODUCT_BUNDLE_IDENTIFIER = "k.omsengineering.CAR-ASSISTANT-LOCUITests";
				PRODUCT_NAME = "$(TARGET_NAME)";
				SWIFT_EMIT_LOC_STRINGS = NO;
				SWIFT_VERSION = 5.0;
				TARGETED_DEVICE_FAMILY = "1,2";
				TEST_TARGET_NAME = "CAR ASSISTANT LOC";
			};
			name = Release;
		};
/* End XCBuildConfiguration section */

/* Begin XCConfigurationList section */
		F77E5AF32E22102700D1DAFD /* Build configuration list for PBXProject "CAR ASSISTANT LOC" */ = {
			isa = XCConfigurationList;
			buildConfigurations = (
				F77E5B1A2E22102900D1DAFD /* Debug */,
				F77E5B1B2E22102900D1DAFD /* Release */,
			);
			defaultConfigurationIsVisible = 0;
			defaultConfigurationName = Release;
		};
		F77E5B1C2E22102900D1DAFD /* Build configuration list for PBXNativeTarget "CAR ASSISTANT LOC" */ = {
			isa = XCConfigurationList;
			buildConfigurations = (
				F77E5B1D2E22102900D1DAFD /* Debug */,
				F77E5B1E2E22102900D1DAFD /* Release */,
			);
			defaultConfigurationIsVisible = 0;
			defaultConfigurationName = Release;
		};
		F77E5B1F2E22102900D1DAFD /* Build configuration list for PBXNativeTarget "CAR ASSISTANT LOCTests" */ = {
			isa = XCConfigurationList;
			buildConfigurations = (
				F77E5B202E22102900D1DAFD /* Debug */,
				F77E5B212E22102900D1DAFD /* Release */,
			);
			defaultConfigurationIsVisible = 0;
			defaultConfigurationName = Release;
		};
		F77E5B222E22102900D1DAFD /* Build configuration list for PBXNativeTarget "CAR ASSISTANT LOCUITests" */ = {
			isa = XCConfigurationList;
			buildConfigurations = (
				F77E5B232E22102900D1DAFD /* Debug */,
				F77E5B242E22102900D1DAFD /* Release */,
			);
			defaultConfigurationIsVisible = 0;
			defaultConfigurationName = Release;
		};
/* End XCConfigurationList section */
	};
	rootObject = F77E5AF02E22102700D1DAFD /* Project object */;
}
